
Microsoft Visual Studio Solution File, Format Version 12.00
# Visual Studio 15
VisualStudioVersion = 15.0.27703.2035
MinimumVisualStudioVersion = 10.0.40219.1
Project("{FAE04EC0-301F-11D3-BF4B-00C04F79EFBC}") = "PhotoBooth", "PhotoBooth.csproj", "{A60B032C-6D5A-4C39-8E82-D4244B351D6F}"
EndProject
Global
	GlobalSection(SolutionConfigurationPlatforms) = preSolution
		Debug|ARM = Debug|ARM
		Debug|x64 = Debug|x64
		Debug|x86 = Debug|x86
		Release|ARM = Release|ARM
		Release|x64 = Release|x64
		Release|x86 = Release|x86
	EndGlobalSection
	GlobalSection(ProjectConfigurationPlatforms) = postSolution
		{A60B032C-6D5A-4C39-8E82-D4244B351D6F}.Debug|ARM.ActiveCfg = Debug|ARM
		{A60B032C-6D5A-4C39-8E82-D4244B351D6F}.Debug|ARM.Build.0 = Debug|ARM
		{A60B032C-6D5A-4C39-8E82-D4244B351D6F}.Debug|ARM.Deploy.0 = Debug|ARM
		{A60B032C-6D5A-4C39-8E82-D4244B351D6F}.Debug|x64.ActiveCfg = Debug|x64
		{A60B032C-6D5A-4C39-8E82-D4244B351D6F}.Debug|x64.Build.0 = Debug|x64
		{A60B032C-6D5A-4C39-8E82-D4244B351D6F}.Debug|x64.Deploy.0 = Debug|x64
		{A60B032C-6D5A-4C39-8E82-D4244B351D6F}.Debug|x86.ActiveCfg = Debug|x86
		{A60B032C-6D5A-4C39-8E82-D4244B351D6F}.Debug|x86.Build.0 = Debug|x86
		{A60B032C-6D5A-4C39-8E82-D4244B351D6F}.Debug|x86.Deploy.0 = Debug|x86
		{A60B032C-6D5A-4C39-8E82-D4244B351D6F}.Release|ARM.ActiveCfg = Release|ARM
		{A60B032C-6D5A-4C39-8E82-D4244B351D6F}.Release|ARM.Build.0 = Release|ARM
		{A60B032C-6D5A-4C39-8E82-D4244B351D6F}.Release|ARM.Deploy.0 = Release|ARM
		{A60B032C-6D5A-4C39-8E82-D4244B351D6F}.Release|x64.ActiveCfg = Release|x64
		{A60B032C-6D5A-4C39-8E82-D4244B351D6F}.Release|x64.Build.0 = Release|x64
		{A60B032C-6D5A-4C39-8E82-D4244B351D6F}.Release|x64.Deploy.0 = Release|x64
		{A60B032C-6D5A-4C39-8E82-D4244B351D6F}.Release|x86.ActiveCfg = Release|x86
		{A60B032C-6D5A-4C39-8E82-D4244B351D6F}.Release|x86.Build.0 = Release|x86
		{A60B032C-6D5A-4C39-8E82-D4244B351D6F}.Release|x86.Deploy.0 = Release|x86
	EndGlobalSection
	GlobalSection(SolutionProperties) = preSolution
		HideSolutionNode = FALSE
	EndGlobalSection
	GlobalSection(ExtensibilityGlobals) = postSolution
		SolutionGuid = {569C8767-89E0-4165-8B0A-4FDD103336AE}
	EndGlobalSection
EndGlobal
